
Microsoft Visual Studio Solution File, Format Version 12.00
# Visual Studio Version 17
VisualStudioVersion = 17.14.37216.2 d17.14
MinimumVisualStudioVersion = 10.0.40219.1
Project("{FAE04EC0-301F-11D3-BF4B-00C04F79EFBC}") = "ReWearWeb", "ReWearWeb\ReWearWeb.csproj", "{C222527C-6F10-4F13-ACA8-27DBD0C7D16B}"
EndProject
Global
	GlobalSection(SolutionConfigurationPlatforms) = preSolution
		Debug|Any CPU = Debug|Any CPU
		Release|Any CPU = Release|Any CPU
	EndGlobalSection
	GlobalSection(ProjectConfigurationPlatforms) = postSolution
		{C222527C-6F10-4F13-ACA8-27DBD0C7D16B}.Debug|Any CPU.ActiveCfg = Debug|Any CPU
		{C222527C-6F10-4F13-ACA8-27DBD0C7D16B}.Debug|Any CPU.Build.0 = Debug|Any CPU
		{C222527C-6F10-4F13-ACA8-27DBD0C7D16B}.Release|Any CPU.ActiveCfg = Release|Any CPU
		{C222527C-6F10-4F13-ACA8-27DBD0C7D16B}.Release|Any CPU.Build.0 = Release|Any CPU
	EndGlobalSection
	GlobalSection(SolutionProperties) = preSolution
		HideSolutionNode = FALSE
	EndGlobalSection
	GlobalSection(ExtensibilityGlobals) = postSolution
		SolutionGuid = {ACDAD23A-CF41-4AF9-9A18-A37FB9701259}
	EndGlobalSection
EndGlobal
